
Microsoft Visual Studio Solution File, Format Version 12.00
# Visual Studio Version 17
VisualStudioVersion = 17.0.31410.414
MinimumVisualStudioVersion = 10.0.40219.1
Project("{FAE04EC0-301F-11D3-BF4B-00C04F79EFBC}") = "SibRus", "SibRus\SibRus.csproj", "{E3FA383C-08D6-4099-A6CA-5D6F15DC868A}"
EndProject
Global
	GlobalSection(SolutionConfigurationPlatforms) = preSolution
		Debug|Any CPU = Debug|Any CPU
		Release|Any CPU = Release|Any CPU
	EndGlobalSection
	GlobalSection(ProjectConfigurationPlatforms) = postSolution
		{E3FA383C-08D6-4099-A6CA-5D6F15DC868A}.Debug|Any CPU.ActiveCfg = Debug|Any CPU
		{E3FA383C-08D6-4099-A6CA-5D6F15DC868A}.Debug|Any CPU.Build.0 = Debug|Any CPU
		{E3FA383C-08D6-4099-A6CA-5D6F15DC868A}.Release|Any CPU.ActiveCfg = Release|Any CPU
		{E3FA383C-08D6-4099-A6CA-5D6F15DC868A}.Release|Any CPU.Build.0 = Release|Any CPU
	EndGlobalSection
	GlobalSection(SolutionProperties) = preSolution
		HideSolutionNode = FALSE
	EndGlobalSection
	GlobalSection(ExtensibilityGlobals) = postSolution
		SolutionGuid = {1C2C7E8E-DC2D-4F67-8FC8-B1DB74D61794}
	EndGlobalSection
EndGlobal
